
Microsoft Visual Studio Solution File, Format Version 12.00
# Visual Studio Version 17
VisualStudioVersion = 17.9.34728.123
MinimumVisualStudioVersion = 10.0.40219.1
Project("{9A19103F-16F7-4668-BE54-9A1E7A4F7556}") = "ContractMonthlyClaimSys", "ContractMonthlyClaimSys\ContractMonthlyClaimSys.csproj", "{A302C0CA-AB62-41A2-8C17-92AB73650523}"
EndProject
Project("{FAE04EC0-301F-11D3-BF4B-00C04F79EFBC}") = "ContractMonthlyClaimSystem.Tests", "ContractMonthlyClaimSystem.Tests\ContractMonthlyClaimSystem.Tests.csproj", "{4A7B5E62-5FA0-4DB6-B7EB-7235DF66B086}"
EndProject
Global
	GlobalSection(SolutionConfigurationPlatforms) = preSolution
		Debug|Any CPU = Debug|Any CPU
		Release|Any CPU = Release|Any CPU
	EndGlobalSection
	GlobalSection(ProjectConfigurationPlatforms) = postSolution
		{A302C0CA-AB62-41A2-8C17-92AB73650523}.Debug|Any CPU.ActiveCfg = Debug|Any CPU
		{A302C0CA-AB62-41A2-8C17-92AB73650523}.Debug|Any CPU.Build.0 = Debug|Any CPU
		{A302C0CA-AB62-41A2-8C17-92AB73650523}.Release|Any CPU.ActiveCfg = Release|Any CPU
		{A302C0CA-AB62-41A2-8C17-92AB73650523}.Release|Any CPU.Build.0 = Release|Any CPU
		{4A7B5E62-5FA0-4DB6-B7EB-7235DF66B086}.Debug|Any CPU.ActiveCfg = Debug|Any CPU
		{4A7B5E62-5FA0-4DB6-B7EB-7235DF66B086}.Debug|Any CPU.Build.0 = Debug|Any CPU
		{4A7B5E62-5FA0-4DB6-B7EB-7235DF66B086}.Release|Any CPU.ActiveCfg = Release|Any CPU
		{4A7B5E62-5FA0-4DB6-B7EB-7235DF66B086}.Release|Any CPU.Build.0 = Release|Any CPU
	EndGlobalSection
	GlobalSection(SolutionProperties) = preSolution
		HideSolutionNode = FALSE
	EndGlobalSection
	GlobalSection(ExtensibilityGlobals) = postSolution
		SolutionGuid = {0B0DD5AF-D7E7-46AD-8B45-2C857F3BB559}
	EndGlobalSection
EndGlobal
